
Microsoft Visual Studio Solution File, Format Version 12.00
# Blend for Visual Studio 15
VisualStudioVersion = 15.0.27703.2035
MinimumVisualStudioVersion = 10.0.40219.1
Project("{FAE04EC0-301F-11D3-BF4B-00C04F79EFBC}") = "cryptogram.Android", "cryptogram\cryptogram.Android\cryptogram.Android.csproj", "{8A1DFD60-B7FC-456C-92B0-92A75DEC160E}"
EndProject
Project("{FAE04EC0-301F-11D3-BF4B-00C04F79EFBC}") = "cryptogram.UWP", "cryptogram\cryptogram.UWP\cryptogram.UWP.csproj", "{DEBC0150-525A-4BA5-B500-D0E2C0C49FAA}"
EndProject
Project("{D954291E-2A0B-460D-934E-DC6B0785DB48}") = "cryptogram", "cryptogram\cryptogram\cryptogram.shproj", "{4A429AEB-0367-467C-97EB-C2BB0075A900}"
EndProject
Project("{FAE04EC0-301F-11D3-BF4B-00C04F79EFBC}") = "BlockchainManager", "..\BlockchainManager\BlockchainManager\BlockchainManager.csproj", "{E9529744-996C-4E78-AF2C-B12C6664D279}"
EndProject
Project("{FAE04EC0-301F-11D3-BF4B-00C04F79EFBC}") = "CryptogramLibrary", "..\CryptogramLibrary\CryptogramLibrary\CryptogramLibrary.csproj", "{1E0B6BD3-4F04-4019-86C2-8264291F152F}"
EndProject
Project("{FAE04EC0-301F-11D3-BF4B-00C04F79EFBC}") = "cryptogram.iOS", "cryptogram\cryptogram.iOS\cryptogram.iOS.csproj", "{795FE44C-AF98-4EFA-92BB-0FF2808870BD}"
EndProject
Project("{FAE04EC0-301F-11D3-BF4B-00C04F79EFBC}") = "NetworkManager", "..\Network\Network\NetworkManager.csproj", "{ABC8AFBC-D4CE-478C-A5B1-740E4BE4D317}"
EndProject
Global
	GlobalSection(SharedMSBuildProjectFiles) = preSolution
		cryptogram\cryptogram\cryptogram.projitems*{4a429aeb-0367-467c-97eb-c2bb0075a900}*SharedItemsImports = 13
		cryptogram\cryptogram\cryptogram.projitems*{795fe44c-af98-4efa-92bb-0ff2808870bd}*SharedItemsImports = 4
		cryptogram\cryptogram\cryptogram.projitems*{8a1dfd60-b7fc-456c-92b0-92a75dec160e}*SharedItemsImports = 4
		cryptogram\cryptogram\cryptogram.projitems*{debc0150-525a-4ba5-b500-d0e2c0c49faa}*SharedItemsImports = 4
	EndGlobalSection
	GlobalSection(SolutionConfigurationPlatforms) = preSolution
		Debug|Any CPU = Debug|Any CPU
		Debug|ARM = Debug|ARM
		Debug|iPhone = Debug|iPhone
		Debug|iPhoneSimulator = Debug|iPhoneSimulator
		Debug|x64 = Debug|x64
		Debug|x86 = Debug|x86
		DebugNetwork|Any CPU = DebugNetwork|Any CPU
		DebugNetwork|ARM = DebugNetwork|ARM
		DebugNetwork|iPhone = DebugNetwork|iPhone
		DebugNetwork|iPhoneSimulator = DebugNetwork|iPhoneSimulator
		DebugNetwork|x64 = DebugNetwork|x64
		DebugNetwork|x86 = DebugNetwork|x86
		Release|Any CPU = Release|Any CPU
		Release|ARM = Release|ARM
		Release|iPhone = Release|iPhone
		Release|iPhoneSimulator = Release|iPhoneSimulator
		Release|x64 = Release|x64
		Release|x86 = Release|x86
	EndGlobalSection
	GlobalSection(ProjectConfigurationPlatforms) = postSolution
		{8A1DFD60-B7FC-456C-92B0-92A75DEC160E}.Debug|Any CPU.ActiveCfg = Debug|Any CPU
		{8A1DFD60-B7FC-456C-92B0-92A75DEC160E}.Debug|Any CPU.Build.0 = Debug|Any CPU
		{8A1DFD60-B7FC-456C-92B0-92A75DEC160E}.Debug|Any CPU.Deploy.0 = Debug|Any CPU
		{8A1DFD60-B7FC-456C-92B0-92A75DEC160E}.Debug|ARM.ActiveCfg = Debug|Any CPU
		{8A1DFD60-B7FC-456C-92B0-92A75DEC160E}.Debug|ARM.Build.0 = Debug|Any CPU
		{8A1DFD60-B7FC-456C-92B0-92A75DEC160E}.Debug|ARM.Deploy.0 = Debug|Any CPU
		{8A1DFD60-B7FC-456C-92B0-92A75DEC160E}.Debug|iPhone.ActiveCfg = Debug|Any CPU
		{8A1DFD60-B7FC-456C-92B0-92A75DEC160E}.Debug|iPhone.Build.0 = Debug|Any CPU
		{8A1DFD60-B7FC-456C-92B0-92A75DEC160E}.Debug|iPhone.Deploy.0 = Debug|Any CPU
		{8A1DFD60-B7FC-456C-92B0-92A75DEC160E}.Debug|iPhoneSimulator.ActiveCfg = Debug|Any CPU
		{8A1DFD60-B7FC-456C-92B0-92A75DEC160E}.Debug|iPhoneSimulator.Build.0 = Debug|Any CPU
		{8A1DFD60-B7FC-456C-92B0-92A75DEC160E}.Debug|iPhoneSimulator.Deploy.0 = Debug|Any CPU
		{8A1DFD60-B7FC-456C-92B0-92A75DEC160E}.Debug|x64.ActiveCfg = Debug|Any CPU
		{8A1DFD60-B7FC-456C-92B0-92A75DEC160E}.Debug|x64.Build.0 = Debug|Any CPU
		{8A1DFD60-B7FC-456C-92B0-92A75DEC160E}.Debug|x64.Deploy.0 = Debug|Any CPU
		{8A1DFD60-B7FC-456C-92B0-92A75DEC160E}.Debug|x86.ActiveCfg = Debug|Any CPU
		{8A1DFD60-B7FC-456C-92B0-92A75DEC160E}.Debug|x86.Build.0 = Debug|Any CPU
		{8A1DFD60-B7FC-456C-92B0-92A75DEC160E}.Debug|x86.Deploy.0 = Debug|Any CPU
		{8A1DFD60-B7FC-456C-92B0-92A75DEC160E}.DebugNetwork|Any CPU.ActiveCfg = Debug|Any CPU
		{8A1DFD60-B7FC-456C-92B0-92A75DEC160E}.DebugNetwork|Any CPU.Build.0 = Debug|Any CPU
		{8A1DFD60-B7FC-456C-92B0-92A75DEC160E}.DebugNetwork|Any CPU.Deploy.0 = Debug|Any CPU
		{8A1DFD60-B7FC-456C-92B0-92A75DEC160E}.DebugNetwork|ARM.ActiveCfg = Debug|Any CPU
		{8A1DFD60-B7FC-456C-92B0-92A75DEC160E}.DebugNetwork|ARM.Build.0 = Debug|Any CPU
		{8A1DFD60-B7FC-456C-92B0-92A75DEC160E}.DebugNetwork|ARM.Deploy.0 = Debug|Any CPU
		{8A1DFD60-B7FC-456C-92B0-92A75DEC160E}.DebugNetwork|iPhone.ActiveCfg = Debug|Any CPU
		{8A1DFD60-B7FC-456C-92B0-92A75DEC160E}.DebugNetwork|iPhone.Build.0 = Debug|Any CPU
		{8A1DFD60-B7FC-456C-92B0-92A75DEC160E}.DebugNetwork|iPhone.Deploy.0 = Debug|Any CPU
		{8A1DFD60-B7FC-456C-92B0-92A75DEC160E}.DebugNetwork|iPhoneSimulator.ActiveCfg = Debug|Any CPU
		{8A1DFD60-B7FC-456C-92B0-92A75DEC160E}.DebugNetwork|iPhoneSimulator.Build.0 = Debug|Any CPU
		{8A1DFD60-B7FC-456C-92B0-92A75DEC160E}.DebugNetwork|iPhoneSimulator.Deploy.0 = Debug|Any CPU
		{8A1DFD60-B7FC-456C-92B0-92A75DEC160E}.DebugNetwork|x64.ActiveCfg = Debug|Any CPU
		{8A1DFD60-B7FC-456C-92B0-92A75DEC160E}.DebugNetwork|x64.Build.0 = Debug|Any CPU
		{8A1DFD60-B7FC-456C-92B0-92A75DEC160E}.DebugNetwork|x64.Deploy.0 = Debug|Any CPU
		{8A1DFD60-B7FC-456C-92B0-92A75DEC160E}.DebugNetwork|x86.ActiveCfg = Debug|Any CPU
		{8A1DFD60-B7FC-456C-92B0-92A75DEC160E}.DebugNetwork|x86.Build.0 = Debug|Any CPU
		{8A1DFD60-B7FC-456C-92B0-92A75DEC160E}.DebugNetwork|x86.Deploy.0 = Debug|Any CPU
		{8A1DFD60-B7FC-456C-92B0-92A75DEC160E}.Release|Any CPU.ActiveCfg = Release|Any CPU
		{8A1DFD60-B7FC-456C-92B0-92A75DEC160E}.Release|Any CPU.Build.0 = Release|Any CPU
		{8A1DFD60-B7FC-456C-92B0-92A75DEC160E}.Release|Any CPU.Deploy.0 = Release|Any CPU
		{8A1DFD60-B7FC-456C-92B0-92A75DEC160E}.Release|ARM.ActiveCfg = Release|Any CPU
		{8A1DFD60-B7FC-456C-92B0-92A75DEC160E}.Release|ARM.Build.0 = Release|Any CPU
		{8A1DFD60-B7FC-456C-92B0-92A75DEC160E}.Release|ARM.Deploy.0 = Release|Any CPU
		{8A1DFD60-B7FC-456C-92B0-92A75DEC160E}.Release|iPhone.ActiveCfg = Release|Any CPU
		{8A1DFD60-B7FC-456C-92B0-92A75DEC160E}.Release|iPhone.Build.0 = Release|Any CPU
		{8A1DFD60-B7FC-456C-92B0-92A75DEC160E}.Release|iPhone.Deploy.0 = Release|Any CPU
		{8A1DFD60-B7FC-456C-92B0-92A75DEC160E}.Release|iPhoneSimulator.ActiveCfg = Release|Any CPU
		{8A1DFD60-B7FC-456C-92B0-92A75DEC160E}.Release|iPhoneSimulator.Build.0 = Release|Any CPU
		{8A1DFD60-B7FC-456C-92B0-92A75DEC160E}.Release|iPhoneSimulator.Deploy.0 = Release|Any CPU
		{8A1DFD60-B7FC-456C-92B0-92A75DEC160E}.Release|x64.ActiveCfg = Release|Any CPU
		{8A1DFD60-B7FC-456C-92B0-92A75DEC160E}.Release|x64.Build.0 = Release|Any CPU
		{8A1DFD60-B7FC-456C-92B0-92A75DEC160E}.Release|x64.Deploy.0 = Release|Any CPU
		{8A1DFD60-B7FC-456C-92B0-92A75DEC160E}.Release|x86.ActiveCfg = Release|Any CPU
		{8A1DFD60-B7FC-456C-92B0-92A75DEC160E}.Release|x86.Build.0 = Release|Any CPU
		{8A1DFD60-B7FC-456C-92B0-92A75DEC160E}.Release|x86.Deploy.0 = Release|Any CPU
		{DEBC0150-525A-4BA5-B500-D0E2C0C49FAA}.Debug|Any CPU.ActiveCfg = Debug|x86
		{DEBC0150-525A-4BA5-B500-D0E2C0C49FAA}.Debug|Any CPU.Build.0 = Debug|x86
		{DEBC0150-525A-4BA5-B500-D0E2C0C49FAA}.Debug|Any CPU.Deploy.0 = Debug|x86
		{DEBC0150-525A-4BA5-B500-D0E2C0C49FAA}.Debug|ARM.ActiveCfg = Debug|ARM
		{DEBC0150-525A-4BA5-B500-D0E2C0C49FAA}.Debug|ARM.Build.0 = Debug|ARM
		{DEBC0150-525A-4BA5-B500-D0E2C0C49FAA}.Debug|ARM.Deploy.0 = Debug|ARM
		{DEBC0150-525A-4BA5-B500-D0E2C0C49FAA}.Debug|iPhone.ActiveCfg = Debug|x86
		{DEBC0150-525A-4BA5-B500-D0E2C0C49FAA}.Debug|iPhone.Build.0 = Debug|x86
		{DEBC0150-525A-4BA5-B500-D0E2C0C49FAA}.Debug|iPhone.Deploy.0 = Debug|x86
		{DEBC0150-525A-4BA5-B500-D0E2C0C49FAA}.Debug|iPhoneSimulator.ActiveCfg = Debug|x86
		{DEBC0150-525A-4BA5-B500-D0E2C0C49FAA}.Debug|iPhoneSimulator.Build.0 = Debug|x86
		{DEBC0150-525A-4BA5-B500-D0E2C0C49FAA}.Debug|iPhoneSimulator.Deploy.0 = Debug|x86
		{DEBC0150-525A-4BA5-B500-D0E2C0C49FAA}.Debug|x64.ActiveCfg = Debug|x64
		{DEBC0150-525A-4BA5-B500-D0E2C0C49FAA}.Debug|x64.Build.0 = Debug|x64
		{DEBC0150-525A-4BA5-B500-D0E2C0C49FAA}.Debug|x64.Deploy.0 = Debug|x64
		{DEBC0150-525A-4BA5-B500-D0E2C0C49FAA}.Debug|x86.ActiveCfg = Debug|x86
		{DEBC0150-525A-4BA5-B500-D0E2C0C49FAA}.Debug|x86.Build.0 = Debug|x86
		{DEBC0150-525A-4BA5-B500-D0E2C0C49FAA}.Debug|x86.Deploy.0 = Debug|x86
		{DEBC0150-525A-4BA5-B500-D0E2C0C49FAA}.DebugNetwork|Any CPU.ActiveCfg = Release|x64
		{DEBC0150-525A-4BA5-B500-D0E2C0C49FAA}.DebugNetwork|Any CPU.Build.0 = Release|x64
		{DEBC0150-525A-4BA5-B500-D0E2C0C49FAA}.DebugNetwork|Any CPU.Deploy.0 = Release|x64
		{DEBC0150-525A-4BA5-B500-D0E2C0C49FAA}.DebugNetwork|ARM.ActiveCfg = Debug|ARM
		{DEBC0150-525A-4BA5-B500-D0E2C0C49FAA}.DebugNetwork|ARM.Build.0 = Debug|ARM
		{DEBC0150-525A-4BA5-B500-D0E2C0C49FAA}.DebugNetwork|ARM.Deploy.0 = Debug|ARM
		{DEBC0150-525A-4BA5-B500-D0E2C0C49FAA}.DebugNetwork|iPhone.ActiveCfg = Release|x64
		{DEBC0150-525A-4BA5-B500-D0E2C0C49FAA}.DebugNetwork|iPhone.Build.0 = Release|x64
		{DEBC0150-525A-4BA5-B500-D0E2C0C49FAA}.DebugNetwork|iPhone.Deploy.0 = Release|x64
		{DEBC0150-525A-4BA5-B500-D0E2C0C49FAA}.DebugNetwork|iPhoneSimulator.ActiveCfg = Release|x64
		{DEBC0150-525A-4BA5-B500-D0E2C0C49FAA}.DebugNetwork|iPhoneSimulator.Build.0 = Release|x64
		{DEBC0150-525A-4BA5-B500-D0E2C0C49FAA}.DebugNetwork|iPhoneSimulator.Deploy.0 = Release|x64
		{DEBC0150-525A-4BA5-B500-D0E2C0C49FAA}.DebugNetwork|x64.ActiveCfg = Debug|x64
		{DEBC0150-525A-4BA5-B500-D0E2C0C49FAA}.DebugNetwork|x64.Build.0 = Debug|x64
		{DEBC0150-525A-4BA5-B500-D0E2C0C49FAA}.DebugNetwork|x64.Deploy.0 = Debug|x64
		{DEBC0150-525A-4BA5-B500-D0E2C0C49FAA}.DebugNetwork|x86.ActiveCfg = Debug|x86
		{DEBC0150-525A-4BA5-B500-D0E2C0C49FAA}.DebugNetwork|x86.Build.0 = Debug|x86
		{DEBC0150-525A-4BA5-B500-D0E2C0C49FAA}.DebugNetwork|x86.Deploy.0 = Debug|x86
		{DEBC0150-525A-4BA5-B500-D0E2C0C49FAA}.Release|Any CPU.ActiveCfg = Release|x86
		{DEBC0150-525A-4BA5-B500-D0E2C0C49FAA}.Release|Any CPU.Build.0 = Release|x86
		{DEBC0150-525A-4BA5-B500-D0E2C0C49FAA}.Release|Any CPU.Deploy.0 = Release|x86
		{DEBC0150-525A-4BA5-B500-D0E2C0C49FAA}.Release|ARM.ActiveCfg = Release|ARM
		{DEBC0150-525A-4BA5-B500-D0E2C0C49FAA}.Release|ARM.Build.0 = Release|ARM
		{DEBC0150-525A-4BA5-B500-D0E2C0C49FAA}.Release|ARM.Deploy.0 = Release|ARM
		{DEBC0150-525A-4BA5-B500-D0E2C0C49FAA}.Release|iPhone.ActiveCfg = Release|x86
		{DEBC0150-525A-4BA5-B500-D0E2C0C49FAA}.Release|iPhone.Build.0 = Release|x86
		{DEBC0150-525A-4BA5-B500-D0E2C0C49FAA}.Release|iPhone.Deploy.0 = Release|x86
		{DEBC0150-525A-4BA5-B500-D0E2C0C49FAA}.Release|iPhoneSimulator.ActiveCfg = Release|x86
		{DEBC0150-525A-4BA5-B500-D0E2C0C49FAA}.Release|iPhoneSimulator.Build.0 = Release|x86
		{DEBC0150-525A-4BA5-B500-D0E2C0C49FAA}.Release|iPhoneSimulator.Deploy.0 = Release|x86
		{DEBC0150-525A-4BA5-B500-D0E2C0C49FAA}.Release|x64.ActiveCfg = Release|x64
		{DEBC0150-525A-4BA5-B500-D0E2C0C49FAA}.Release|x64.Build.0 = Release|x64
		{DEBC0150-525A-4BA5-B500-D0E2C0C49FAA}.Release|x64.Deploy.0 = Release|x64
		{DEBC0150-525A-4BA5-B500-D0E2C0C49FAA}.Release|x86.ActiveCfg = Release|x86
		{DEBC0150-525A-4BA5-B500-D0E2C0C49FAA}.Release|x86.Build.0 = Release|x86
		{DEBC0150-525A-4BA5-B500-D0E2C0C49FAA}.Release|x86.Deploy.0 = Release|x86
		{E9529744-996C-4E78-AF2C-B12C6664D279}.Debug|Any CPU.ActiveCfg = Debug|Any CPU
		{E9529744-996C-4E78-AF2C-B12C6664D279}.Debug|Any CPU.Build.0 = Debug|Any CPU
		{E9529744-996C-4E78-AF2C-B12C6664D279}.Debug|ARM.ActiveCfg = Debug|Any CPU
		{E9529744-996C-4E78-AF2C-B12C6664D279}.Debug|ARM.Build.0 = Debug|Any CPU
		{E9529744-996C-4E78-AF2C-B12C6664D279}.Debug|iPhone.ActiveCfg = Debug|Any CPU
		{E9529744-996C-4E78-AF2C-B12C6664D279}.Debug|iPhone.Build.0 = Debug|Any CPU
		{E9529744-996C-4E78-AF2C-B12C6664D279}.Debug|iPhoneSimulator.ActiveCfg = Debug|Any CPU
		{E9529744-996C-4E78-AF2C-B12C6664D279}.Debug|iPhoneSimulator.Build.0 = Debug|Any CPU
		{E9529744-996C-4E78-AF2C-B12C6664D279}.Debug|x64.ActiveCfg = Debug|Any CPU
		{E9529744-996C-4E78-AF2C-B12C6664D279}.Debug|x64.Build.0 = Debug|Any CPU
		{E9529744-996C-4E78-AF2C-B12C6664D279}.Debug|x86.ActiveCfg = Debug|Any CPU
		{E9529744-996C-4E78-AF2C-B12C6664D279}.Debug|x86.Build.0 = Debug|Any CPU
		{E9529744-996C-4E78-AF2C-B12C6664D279}.DebugNetwork|Any CPU.ActiveCfg = Debug|Any CPU
		{E9529744-996C-4E78-AF2C-B12C6664D279}.DebugNetwork|Any CPU.Build.0 = Debug|Any CPU
		{E9529744-996C-4E78-AF2C-B12C6664D279}.DebugNetwork|ARM.ActiveCfg = Debug|Any CPU
		{E9529744-996C-4E78-AF2C-B12C6664D279}.DebugNetwork|ARM.Build.0 = Debug|Any CPU
		{E9529744-996C-4E78-AF2C-B12C6664D279}.DebugNetwork|iPhone.ActiveCfg = Debug|Any CPU
		{E9529744-996C-4E78-AF2C-B12C6664D279}.DebugNetwork|iPhone.Build.0 = Debug|Any CPU
		{E9529744-996C-4E78-AF2C-B12C6664D279}.DebugNetwork|iPhoneSimulator.ActiveCfg = Debug|Any CPU
		{E9529744-996C-4E78-AF2C-B12C6664D279}.DebugNetwork|iPhoneSimulator.Build.0 = Debug|Any CPU
		{E9529744-996C-4E78-AF2C-B12C6664D279}.DebugNetwork|x64.ActiveCfg = Debug|Any CPU
		{E9529744-996C-4E78-AF2C-B12C6664D279}.DebugNetwork|x64.Build.0 = Debug|Any CPU
		{E9529744-996C-4E78-AF2C-B12C6664D279}.DebugNetwork|x86.ActiveCfg = Debug|Any CPU
		{E9529744-996C-4E78-AF2C-B12C6664D279}.DebugNetwork|x86.Build.0 = Debug|Any CPU
		{E9529744-996C-4E78-AF2C-B12C6664D279}.Release|Any CPU.ActiveCfg = Release|Any CPU
		{E9529744-996C-4E78-AF2C-B12C6664D279}.Release|Any CPU.Build.0 = Release|Any CPU
		{E9529744-996C-4E78-AF2C-B12C6664D279}.Release|ARM.ActiveCfg = Release|Any CPU
		{E9529744-996C-4E78-AF2C-B12C6664D279}.Release|ARM.Build.0 = Release|Any CPU
		{E9529744-996C-4E78-AF2C-B12C6664D279}.Release|iPhone.ActiveCfg = Release|Any CPU
		{E9529744-996C-4E78-AF2C-B12C6664D279}.Release|iPhone.Build.0 = Release|Any CPU
		{E9529744-996C-4E78-AF2C-B12C6664D279}.Release|iPhoneSimulator.ActiveCfg = Release|Any CPU
		{E9529744-996C-4E78-AF2C-B12C6664D279}.Release|iPhoneSimulator.Build.0 = Release|Any CPU
		{E9529744-996C-4E78-AF2C-B12C6664D279}.Release|x64.ActiveCfg = Release|Any CPU
		{E9529744-996C-4E78-AF2C-B12C6664D279}.Release|x64.Build.0 = Release|Any CPU
		{E9529744-996C-4E78-AF2C-B12C6664D279}.Release|x86.ActiveCfg = Release|Any CPU
		{E9529744-996C-4E78-AF2C-B12C6664D279}.Release|x86.Build.0 = Release|Any CPU
		{1E0B6BD3-4F04-4019-86C2-8264291F152F}.Debug|Any CPU.ActiveCfg = Debug|Any CPU
		{1E0B6BD3-4F04-4019-86C2-8264291F152F}.Debug|Any CPU.Build.0 = Debug|Any CPU
		{1E0B6BD3-4F04-4019-86C2-8264291F152F}.Debug|ARM.ActiveCfg = Debug|Any CPU
		{1E0B6BD3-4F04-4019-86C2-8264291F152F}.Debug|ARM.Build.0 = Debug|Any CPU
		{1E0B6BD3-4F04-4019-86C2-8264291F152F}.Debug|iPhone.ActiveCfg = Debug|Any CPU
		{1E0B6BD3-4F04-4019-86C2-8264291F152F}.Debug|iPhone.Build.0 = Debug|Any CPU
		{1E0B6BD3-4F04-4019-86C2-8264291F152F}.Debug|iPhoneSimulator.ActiveCfg = Debug|Any CPU
		{1E0B6BD3-4F04-4019-86C2-8264291F152F}.Debug|iPhoneSimulator.Build.0 = Debug|Any CPU
		{1E0B6BD3-4F04-4019-86C2-8264291F152F}.Debug|x64.ActiveCfg = Debug|Any CPU
		{1E0B6BD3-4F04-4019-86C2-8264291F152F}.Debug|x64.Build.0 = Debug|Any CPU
		{1E0B6BD3-4F04-4019-86C2-8264291F152F}.Debug|x86.ActiveCfg = Debug|Any CPU
		{1E0B6BD3-4F04-4019-86C2-8264291F152F}.Debug|x86.Build.0 = Debug|Any CPU
		{1E0B6BD3-4F04-4019-86C2-8264291F152F}.DebugNetwork|Any CPU.ActiveCfg = Debug|Any CPU
		{1E0B6BD3-4F04-4019-86C2-8264291F152F}.DebugNetwork|Any CPU.Build.0 = Debug|Any CPU
		{1E0B6BD3-4F04-4019-86C2-8264291F152F}.DebugNetwork|ARM.ActiveCfg = Debug|Any CPU
		{1E0B6BD3-4F04-4019-86C2-8264291F152F}.DebugNetwork|ARM.Build.0 = Debug|Any CPU
		{1E0B6BD3-4F04-4019-86C2-8264291F152F}.DebugNetwork|iPhone.ActiveCfg = Debug|Any CPU
		{1E0B6BD3-4F04-4019-86C2-8264291F152F}.DebugNetwork|iPhone.Build.0 = Debug|Any CPU
		{1E0B6BD3-4F04-4019-86C2-8264291F152F}.DebugNetwork|iPhoneSimulator.ActiveCfg = Debug|Any CPU
		{1E0B6BD3-4F04-4019-86C2-8264291F152F}.DebugNetwork|iPhoneSimulator.Build.0 = Debug|Any CPU
		{1E0B6BD3-4F04-4019-86C2-8264291F152F}.DebugNetwork|x64.ActiveCfg = Debug|Any CPU
		{1E0B6BD3-4F04-4019-86C2-8264291F152F}.DebugNetwork|x64.Build.0 = Debug|Any CPU
		{1E0B6BD3-4F04-4019-86C2-8264291F152F}.DebugNetwork|x86.ActiveCfg = Debug|Any CPU
		{1E0B6BD3-4F04-4019-86C2-8264291F152F}.DebugNetwork|x86.Build.0 = Debug|Any CPU
		{1E0B6BD3-4F04-4019-86C2-8264291F152F}.Release|Any CPU.ActiveCfg = Release|Any CPU
		{1E0B6BD3-4F04-4019-86C2-8264291F152F}.Release|Any CPU.Build.0 = Release|Any CPU
		{1E0B6BD3-4F04-4019-86C2-8264291F152F}.Release|ARM.ActiveCfg = Release|Any CPU
		{1E0B6BD3-4F04-4019-86C2-8264291F152F}.Release|ARM.Build.0 = Release|Any CPU
		{1E0B6BD3-4F04-4019-86C2-8264291F152F}.Release|iPhone.ActiveCfg = Release|Any CPU
		{1E0B6BD3-4F04-4019-86C2-8264291F152F}.Release|iPhone.Build.0 = Release|Any CPU
		{1E0B6BD3-4F04-4019-86C2-8264291F152F}.Release|iPhoneSimulator.ActiveCfg = Release|Any CPU
		{1E0B6BD3-4F04-4019-86C2-8264291F152F}.Release|iPhoneSimulator.Build.0 = Release|Any CPU
		{1E0B6BD3-4F04-4019-86C2-8264291F152F}.Release|x64.ActiveCfg = Release|Any CPU
		{1E0B6BD3-4F04-4019-86C2-8264291F152F}.Release|x64.Build.0 = Release|Any CPU
		{1E0B6BD3-4F04-4019-86C2-8264291F152F}.Release|x86.ActiveCfg = Release|Any CPU
		{1E0B6BD3-4F04-4019-86C2-8264291F152F}.Release|x86.Build.0 = Release|Any CPU
		{795FE44C-AF98-4EFA-92BB-0FF2808870BD}.Debug|Any CPU.ActiveCfg = Debug|iPhone
		{795FE44C-AF98-4EFA-92BB-0FF2808870BD}.Debug|ARM.ActiveCfg = Debug|iPhone
		{795FE44C-AF98-4EFA-92BB-0FF2808870BD}.Debug|iPhone.ActiveCfg = Debug|iPhone
		{795FE44C-AF98-4EFA-92BB-0FF2808870BD}.Debug|iPhone.Build.0 = Debug|iPhone
		{795FE44C-AF98-4EFA-92BB-0FF2808870BD}.Debug|iPhoneSimulator.ActiveCfg = Debug|iPhoneSimulator
		{795FE44C-AF98-4EFA-92BB-0FF2808870BD}.Debug|iPhoneSimulator.Build.0 = Debug|iPhoneSimulator
		{795FE44C-AF98-4EFA-92BB-0FF2808870BD}.Debug|x64.ActiveCfg = Debug|iPhone
		{795FE44C-AF98-4EFA-92BB-0FF2808870BD}.Debug|x86.ActiveCfg = Debug|iPhone
		{795FE44C-AF98-4EFA-92BB-0FF2808870BD}.DebugNetwork|Any CPU.ActiveCfg = Release|iPhone
		{795FE44C-AF98-4EFA-92BB-0FF2808870BD}.DebugNetwork|Any CPU.Build.0 = Release|iPhone
		{795FE44C-AF98-4EFA-92BB-0FF2808870BD}.DebugNetwork|ARM.ActiveCfg = Release|iPhone
		{795FE44C-AF98-4EFA-92BB-0FF2808870BD}.DebugNetwork|ARM.Build.0 = Release|iPhone
		{795FE44C-AF98-4EFA-92BB-0FF2808870BD}.DebugNetwork|iPhone.ActiveCfg = Debug|iPhone
		{795FE44C-AF98-4EFA-92BB-0FF2808870BD}.DebugNetwork|iPhone.Build.0 = Debug|iPhone
		{795FE44C-AF98-4EFA-92BB-0FF2808870BD}.DebugNetwork|iPhoneSimulator.ActiveCfg = Debug|iPhoneSimulator
		{795FE44C-AF98-4EFA-92BB-0FF2808870BD}.DebugNetwork|iPhoneSimulator.Build.0 = Debug|iPhoneSimulator
		{795FE44C-AF98-4EFA-92BB-0FF2808870BD}.DebugNetwork|x64.ActiveCfg = Release|iPhone
		{795FE44C-AF98-4EFA-92BB-0FF2808870BD}.DebugNetwork|x64.Build.0 = Release|iPhone
		{795FE44C-AF98-4EFA-92BB-0FF2808870BD}.DebugNetwork|x86.ActiveCfg = Release|iPhone
		{795FE44C-AF98-4EFA-92BB-0FF2808870BD}.DebugNetwork|x86.Build.0 = Release|iPhone
		{795FE44C-AF98-4EFA-92BB-0FF2808870BD}.Release|Any CPU.ActiveCfg = Release|iPhone
		{795FE44C-AF98-4EFA-92BB-0FF2808870BD}.Release|ARM.ActiveCfg = Release|iPhone
		{795FE44C-AF98-4EFA-92BB-0FF2808870BD}.Release|iPhone.ActiveCfg = Release|iPhone
		{795FE44C-AF98-4EFA-92BB-0FF2808870BD}.Release|iPhone.Build.0 = Release|iPhone
		{795FE44C-AF98-4EFA-92BB-0FF2808870BD}.Release|iPhoneSimulator.ActiveCfg = Release|iPhoneSimulator
		{795FE44C-AF98-4EFA-92BB-0FF2808870BD}.Release|iPhoneSimulator.Build.0 = Release|iPhoneSimulator
		{795FE44C-AF98-4EFA-92BB-0FF2808870BD}.Release|x64.ActiveCfg = Release|iPhone
		{795FE44C-AF98-4EFA-92BB-0FF2808870BD}.Release|x86.ActiveCfg = Release|iPhone
		{ABC8AFBC-D4CE-478C-A5B1-740E4BE4D317}.Debug|Any CPU.ActiveCfg = Debug|Any CPU
		{ABC8AFBC-D4CE-478C-A5B1-740E4BE4D317}.Debug|Any CPU.Build.0 = Debug|Any CPU
		{ABC8AFBC-D4CE-478C-A5B1-740E4BE4D317}.Debug|ARM.ActiveCfg = Debug|Any CPU
		{ABC8AFBC-D4CE-478C-A5B1-740E4BE4D317}.Debug|ARM.Build.0 = Debug|Any CPU
		{ABC8AFBC-D4CE-478C-A5B1-740E4BE4D317}.Debug|iPhone.ActiveCfg = Debug|Any CPU
		{ABC8AFBC-D4CE-478C-A5B1-740E4BE4D317}.Debug|iPhone.Build.0 = Debug|Any CPU
		{ABC8AFBC-D4CE-478C-A5B1-740E4BE4D317}.Debug|iPhoneSimulator.ActiveCfg = Debug|Any CPU
		{ABC8AFBC-D4CE-478C-A5B1-740E4BE4D317}.Debug|iPhoneSimulator.Build.0 = Debug|Any CPU
		{ABC8AFBC-D4CE-478C-A5B1-740E4BE4D317}.Debug|x64.ActiveCfg = Debug|Any CPU
		{ABC8AFBC-D4CE-478C-A5B1-740E4BE4D317}.Debug|x64.Build.0 = Debug|Any CPU
		{ABC8AFBC-D4CE-478C-A5B1-740E4BE4D317}.Debug|x86.ActiveCfg = Debug|Any CPU
		{ABC8AFBC-D4CE-478C-A5B1-740E4BE4D317}.Debug|x86.Build.0 = Debug|Any CPU
		{ABC8AFBC-D4CE-478C-A5B1-740E4BE4D317}.DebugNetwork|Any CPU.ActiveCfg = Debug|Any CPU
		{ABC8AFBC-D4CE-478C-A5B1-740E4BE4D317}.DebugNetwork|Any CPU.Build.0 = Debug|Any CPU
		{ABC8AFBC-D4CE-478C-A5B1-740E4BE4D317}.DebugNetwork|ARM.ActiveCfg = Debug|Any CPU
		{ABC8AFBC-D4CE-478C-A5B1-740E4BE4D317}.DebugNetwork|ARM.Build.0 = Debug|Any CPU
		{ABC8AFBC-D4CE-478C-A5B1-740E4BE4D317}.DebugNetwork|iPhone.ActiveCfg = Debug|Any CPU
		{ABC8AFBC-D4CE-478C-A5B1-740E4BE4D317}.DebugNetwork|iPhone.Build.0 = Debug|Any CPU
		{ABC8AFBC-D4CE-478C-A5B1-740E4BE4D317}.DebugNetwork|iPhoneSimulator.ActiveCfg = Debug|Any CPU
		{ABC8AFBC-D4CE-478C-A5B1-740E4BE4D317}.DebugNetwork|iPhoneSimulator.Build.0 = Debug|Any CPU
		{ABC8AFBC-D4CE-478C-A5B1-740E4BE4D317}.DebugNetwork|x64.ActiveCfg = Debug|Any CPU
		{ABC8AFBC-D4CE-478C-A5B1-740E4BE4D317}.DebugNetwork|x64.Build.0 = Debug|Any CPU
		{ABC8AFBC-D4CE-478C-A5B1-740E4BE4D317}.DebugNetwork|x86.ActiveCfg = Debug|Any CPU
		{ABC8AFBC-D4CE-478C-A5B1-740E4BE4D317}.DebugNetwork|x86.Build.0 = Debug|Any CPU
		{ABC8AFBC-D4CE-478C-A5B1-740E4BE4D317}.Release|Any CPU.ActiveCfg = Release|Any CPU
		{ABC8AFBC-D4CE-478C-A5B1-740E4BE4D317}.Release|Any CPU.Build.0 = Release|Any CPU
		{ABC8AFBC-D4CE-478C-A5B1-740E4BE4D317}.Release|ARM.ActiveCfg = Release|Any CPU
		{ABC8AFBC-D4CE-478C-A5B1-740E4BE4D317}.Release|ARM.Build.0 = Release|Any CPU
		{ABC8AFBC-D4CE-478C-A5B1-740E4BE4D317}.Release|iPhone.ActiveCfg = Release|Any CPU
		{ABC8AFBC-D4CE-478C-A5B1-740E4BE4D317}.Release|iPhone.Build.0 = Release|Any CPU
		{ABC8AFBC-D4CE-478C-A5B1-740E4BE4D317}.Release|iPhoneSimulator.ActiveCfg = Release|Any CPU
		{ABC8AFBC-D4CE-478C-A5B1-740E4BE4D317}.Release|iPhoneSimulator.Build.0 = Release|Any CPU
		{ABC8AFBC-D4CE-478C-A5B1-740E4BE4D317}.Release|x64.ActiveCfg = Release|Any CPU
		{ABC8AFBC-D4CE-478C-A5B1-740E4BE4D317}.Release|x64.Build.0 = Release|Any CPU
		{ABC8AFBC-D4CE-478C-A5B1-740E4BE4D317}.Release|x86.ActiveCfg = Release|Any CPU
		{ABC8AFBC-D4CE-478C-A5B1-740E4BE4D317}.Release|x86.Build.0 = Release|Any CPU
	EndGlobalSection
	GlobalSection(SolutionProperties) = preSolution
		HideSolutionNode = FALSE
	EndGlobalSection
	GlobalSection(ExtensibilityGlobals) = postSolution
		SolutionGuid = {FB75ED34-07D7-40FC-90CD-DAD7A2A0B6DB}
	EndGlobalSection
EndGlobal
